
Microsoft Visual Studio Solution File, Format Version 12.00
# Visual Studio Version 17
VisualStudioVersion = 17.7.34221.43
MinimumVisualStudioVersion = 10.0.40219.1
Project("{FAE04EC0-301F-11D3-BF4B-00C04F79EFBC}") = "Oblig5_O1", "Oblig5_O1\Oblig5_O1.csproj", "{8F9FD04A-E982-4E42-9D17-71029556CEFA}"
EndProject
Global
	GlobalSection(SolutionConfigurationPlatforms) = preSolution
		Debug|Any CPU = Debug|Any CPU
		Release|Any CPU = Release|Any CPU
	EndGlobalSection
	GlobalSection(ProjectConfigurationPlatforms) = postSolution
		{8F9FD04A-E982-4E42-9D17-71029556CEFA}.Debug|Any CPU.ActiveCfg = Debug|Any CPU
		{8F9FD04A-E982-4E42-9D17-71029556CEFA}.Debug|Any CPU.Build.0 = Debug|Any CPU
		{8F9FD04A-E982-4E42-9D17-71029556CEFA}.Release|Any CPU.ActiveCfg = Release|Any CPU
		{8F9FD04A-E982-4E42-9D17-71029556CEFA}.Release|Any CPU.Build.0 = Release|Any CPU
	EndGlobalSection
	GlobalSection(SolutionProperties) = preSolution
		HideSolutionNode = FALSE
	EndGlobalSection
	GlobalSection(ExtensibilityGlobals) = postSolution
		SolutionGuid = {B4A52757-F24D-4F64-9B46-96DE985A2BE7}
	EndGlobalSection
EndGlobal
